
Microsoft Visual Studio Solution File, Format Version 12.00
# Visual Studio 15
VisualStudioVersion = 15.0.27703.2026
MinimumVisualStudioVersion = 10.0.40219.1
Project("{FAE04EC0-301F-11D3-BF4B-00C04F79EFBC}") = "RenderMathUWP", "RenderMathUWP\RenderMathUWP.csproj", "{1CECB9A9-2919-47E1-836D-9EBAE5BA28DD}"
EndProject
Global
	GlobalSection(SolutionConfigurationPlatforms) = preSolution
		Debug|Any CPU = Debug|Any CPU
		Debug|ARM = Debug|ARM
		Debug|x64 = Debug|x64
		Debug|x86 = Debug|x86
		Release|Any CPU = Release|Any CPU
		Release|ARM = Release|ARM
		Release|x64 = Release|x64
		Release|x86 = Release|x86
	EndGlobalSection
	GlobalSection(ProjectConfigurationPlatforms) = postSolution
		{1CECB9A9-2919-47E1-836D-9EBAE5BA28DD}.Debug|Any CPU.ActiveCfg = Debug|x86
		{1CECB9A9-2919-47E1-836D-9EBAE5BA28DD}.Debug|ARM.ActiveCfg = Debug|ARM
		{1CECB9A9-2919-47E1-836D-9EBAE5BA28DD}.Debug|ARM.Build.0 = Debug|ARM
		{1CECB9A9-2919-47E1-836D-9EBAE5BA28DD}.Debug|ARM.Deploy.0 = Debug|ARM
		{1CECB9A9-2919-47E1-836D-9EBAE5BA28DD}.Debug|x64.ActiveCfg = Debug|x64
		{1CECB9A9-2919-47E1-836D-9EBAE5BA28DD}.Debug|x64.Build.0 = Debug|x64
		{1CECB9A9-2919-47E1-836D-9EBAE5BA28DD}.Debug|x64.Deploy.0 = Debug|x64
		{1CECB9A9-2919-47E1-836D-9EBAE5BA28DD}.Debug|x86.ActiveCfg = Debug|x86
		{1CECB9A9-2919-47E1-836D-9EBAE5BA28DD}.Debug|x86.Build.0 = Debug|x86
		{1CECB9A9-2919-47E1-836D-9EBAE5BA28DD}.Debug|x86.Deploy.0 = Debug|x86
		{1CECB9A9-2919-47E1-836D-9EBAE5BA28DD}.Release|Any CPU.ActiveCfg = Release|x86
		{1CECB9A9-2919-47E1-836D-9EBAE5BA28DD}.Release|ARM.ActiveCfg = Release|ARM
		{1CECB9A9-2919-47E1-836D-9EBAE5BA28DD}.Release|ARM.Build.0 = Release|ARM
		{1CECB9A9-2919-47E1-836D-9EBAE5BA28DD}.Release|ARM.Deploy.0 = Release|ARM
		{1CECB9A9-2919-47E1-836D-9EBAE5BA28DD}.Release|x64.ActiveCfg = Release|x64
		{1CECB9A9-2919-47E1-836D-9EBAE5BA28DD}.Release|x64.Build.0 = Release|x64
		{1CECB9A9-2919-47E1-836D-9EBAE5BA28DD}.Release|x64.Deploy.0 = Release|x64
		{1CECB9A9-2919-47E1-836D-9EBAE5BA28DD}.Release|x86.ActiveCfg = Release|x86
		{1CECB9A9-2919-47E1-836D-9EBAE5BA28DD}.Release|x86.Build.0 = Release|x86
		{1CECB9A9-2919-47E1-836D-9EBAE5BA28DD}.Release|x86.Deploy.0 = Release|x86
	EndGlobalSection
	GlobalSection(SolutionProperties) = preSolution
		HideSolutionNode = FALSE
	EndGlobalSection
	GlobalSection(ExtensibilityGlobals) = postSolution
		SolutionGuid = {8C7C27BC-5E5F-4BAF-9D04-96B2947A35FD}
	EndGlobalSection
EndGlobal
